
Microsoft Visual Studio Solution File, Format Version 12.00
# Visual Studio 2015
Project("{FAE04EC0-301F-11D3-BF4B-00C04F79EFBC}") = "ritual.CSharp.Plugins", "ritual.CSharp.Plugins.csproj", "{D1DCD381-6CD1-C365-BEF1-A958B0998853}"
EndProject
Project("{FAE04EC0-301F-11D3-BF4B-00C04F79EFBC}") = "ritual.CSharp", "ritual.CSharp.csproj", "{427DD154-0291-B564-3640-406FE5256EAF}"
EndProject
Project("{FAE04EC0-301F-11D3-BF4B-00C04F79EFBC}") = "ritual.CSharp.Editor", "ritual.CSharp.Editor.csproj", "{A56A7FA6-05FF-84E7-E6E0-7347DC6D7758}"
EndProject
Global
	GlobalSection(SolutionConfigurationPlatforms) = preSolution
		Debug|Any CPU = Debug|Any CPU
		Release|Any CPU = Release|Any CPU
	EndGlobalSection
	GlobalSection(ProjectConfigurationPlatforms) = postSolution
		{D1DCD381-6CD1-C365-BEF1-A958B0998853}.Debug|Any CPU.ActiveCfg = Debug|Any CPU
		{D1DCD381-6CD1-C365-BEF1-A958B0998853}.Debug|Any CPU.Build.0 = Debug|Any CPU
		{D1DCD381-6CD1-C365-BEF1-A958B0998853}.Release|Any CPU.ActiveCfg = Release|Any CPU
		{D1DCD381-6CD1-C365-BEF1-A958B0998853}.Release|Any CPU.Build.0 = Release|Any CPU
		{427DD154-0291-B564-3640-406FE5256EAF}.Debug|Any CPU.ActiveCfg = Debug|Any CPU
		{427DD154-0291-B564-3640-406FE5256EAF}.Debug|Any CPU.Build.0 = Debug|Any CPU
		{427DD154-0291-B564-3640-406FE5256EAF}.Release|Any CPU.ActiveCfg = Release|Any CPU
		{427DD154-0291-B564-3640-406FE5256EAF}.Release|Any CPU.Build.0 = Release|Any CPU
		{A56A7FA6-05FF-84E7-E6E0-7347DC6D7758}.Debug|Any CPU.ActiveCfg = Debug|Any CPU
		{A56A7FA6-05FF-84E7-E6E0-7347DC6D7758}.Debug|Any CPU.Build.0 = Debug|Any CPU
		{A56A7FA6-05FF-84E7-E6E0-7347DC6D7758}.Release|Any CPU.ActiveCfg = Release|Any CPU
		{A56A7FA6-05FF-84E7-E6E0-7347DC6D7758}.Release|Any CPU.Build.0 = Release|Any CPU
	EndGlobalSection
	GlobalSection(SolutionProperties) = preSolution
		HideSolutionNode = FALSE
	EndGlobalSection
EndGlobal
