Microsoft Visual Studio Solution File, Format Version 11.00
# Visual Studio 2008

Project("{CE9060FB-E1C5-63DD-84A8-98D8B6A37BFB}") = "ritual", "Assembly-CSharp-firstpass.csproj", "{51D7EBF7-6546-EEC6-E218-ADA8EE64552D}"
EndProject
Project("{CE9060FB-E1C5-63DD-84A8-98D8B6A37BFB}") = "ritual", "Assembly-CSharp.csproj", "{028C6B26-89C3-56E2-BF7C-31E5816012D8}"
EndProject
Project("{CE9060FB-E1C5-63DD-84A8-98D8B6A37BFB}") = "ritual", "Assembly-CSharp-Editor.csproj", "{F0F3F7F4-C7B5-C28C-FFFA-B528D06820BF}"
EndProject
Global
	GlobalSection(SolutionConfigurationPlatforms) = preSolution
		Debug|Any CPU = Debug|Any CPU
		Release|Any CPU = Release|Any CPU
	EndGlobalSection
	GlobalSection(ProjectConfigurationPlatforms) = postSolution
		{51D7EBF7-6546-EEC6-E218-ADA8EE64552D}.Debug|Any CPU.ActiveCfg = Debug|Any CPU
		{51D7EBF7-6546-EEC6-E218-ADA8EE64552D}.Debug|Any CPU.Build.0 = Debug|Any CPU
		{51D7EBF7-6546-EEC6-E218-ADA8EE64552D}.Release|Any CPU.ActiveCfg = Release|Any CPU
		{51D7EBF7-6546-EEC6-E218-ADA8EE64552D}.Release|Any CPU.Build.0 = Release|Any CPU
		{028C6B26-89C3-56E2-BF7C-31E5816012D8}.Debug|Any CPU.ActiveCfg = Debug|Any CPU
		{028C6B26-89C3-56E2-BF7C-31E5816012D8}.Debug|Any CPU.Build.0 = Debug|Any CPU
		{028C6B26-89C3-56E2-BF7C-31E5816012D8}.Release|Any CPU.ActiveCfg = Release|Any CPU
		{028C6B26-89C3-56E2-BF7C-31E5816012D8}.Release|Any CPU.Build.0 = Release|Any CPU
		{F0F3F7F4-C7B5-C28C-FFFA-B528D06820BF}.Debug|Any CPU.ActiveCfg = Debug|Any CPU
		{F0F3F7F4-C7B5-C28C-FFFA-B528D06820BF}.Debug|Any CPU.Build.0 = Debug|Any CPU
		{F0F3F7F4-C7B5-C28C-FFFA-B528D06820BF}.Release|Any CPU.ActiveCfg = Release|Any CPU
		{F0F3F7F4-C7B5-C28C-FFFA-B528D06820BF}.Release|Any CPU.Build.0 = Release|Any CPU
	EndGlobalSection
	GlobalSection(SolutionProperties) = preSolution
		HideSolutionNode = FALSE
	EndGlobalSection
	GlobalSection(MonoDevelopProperties) = preSolution
		StartupItem = Assembly-CSharp.csproj
	EndGlobalSection
EndGlobal
